
Microsoft Visual Studio Solution File, Format Version 12.00
# Visual Studio Version 17
VisualStudioVersion = 17.2.32602.215
MinimumVisualStudioVersion = 10.0.40219.1
Project("{9A19103F-16F7-4668-BE54-9A1E7A4F7556}") = "KampIntro", "Kampintro\KampIntro.csproj", "{B81BB9A7-1F5D-4CCA-8E64-3351CDC1A942}"
EndProject
Project("{9A19103F-16F7-4668-BE54-9A1E7A4F7556}") = "Donguler", "Donguler\Donguler.csproj", "{08D37FB3-E16F-44DF-AA95-4CF52C3F7675}"
EndProject
Project("{9A19103F-16F7-4668-BE54-9A1E7A4F7556}") = "ClassIntro", "Classintro\ClassIntro.csproj", "{B3A42642-75AD-47EB-8861-D921B1505BC5}"
EndProject
Project("{9A19103F-16F7-4668-BE54-9A1E7A4F7556}") = "Karalama", "Karalama\Karalama.csproj", "{1F8AC126-131E-4011-A9DD-2A93DA704D16}"
EndProject
Project("{9A19103F-16F7-4668-BE54-9A1E7A4F7556}") = "Metotlar", "Metotlar\Metotlar.csproj", "{F21622FC-8BB4-4115-8A97-5B04E2831F37}"
EndProject
Project("{9A19103F-16F7-4668-BE54-9A1E7A4F7556}") = "Matematik", "Matematik\Matematik.csproj", "{24ABBA34-A663-4E8C-BF6F-4447397C2F4E}"
EndProject
Project("{9A19103F-16F7-4668-BE54-9A1E7A4F7556}") = "DegerVeReferansTipler", "DegerVeReferansTipler\DegerVeReferansTipler.csproj", "{92064523-BB26-4FA5-8E97-29B59C236CBF}"
EndProject
Project("{9A19103F-16F7-4668-BE54-9A1E7A4F7556}") = "ClassMetotDemo", "ClassMetotDemo\ClassMetotDemo.csproj", "{2F9CE7BC-D231-4ECD-A64F-D0A0AA84C1FB}"
EndProject
Project("{9A19103F-16F7-4668-BE54-9A1E7A4F7556}") = "OOP1", "OOP1\OOP1.csproj", "{F06C7E9C-74B3-4642-A5CF-2794FDE0D1A7}"
EndProject
Project("{9A19103F-16F7-4668-BE54-9A1E7A4F7556}") = "Koleksiyonlar", "Koleksiyonlar\Koleksiyonlar.csproj", "{BC1A0C79-FEEF-4E03-9F03-A0AA1455D775}"
EndProject
Project("{9A19103F-16F7-4668-BE54-9A1E7A4F7556}") = "GenericsIntro", "Genericsintro\GenericsIntro.csproj", "{3052522D-0D20-4523-93BB-8576391251DD}"
EndProject
Project("{9A19103F-16F7-4668-BE54-9A1E7A4F7556}") = "Constructors", "ReferenceTypes\Constructors.csproj", "{84B37651-43DF-4FA2-8201-4DDD978CCE61}"
EndProject
Project("{9A19103F-16F7-4668-BE54-9A1E7A4F7556}") = "DictionaryGenerics", "MyDictionary\DictionaryGenerics.csproj", "{58E50EDC-1921-428D-AF4D-59C49DE9ECA3}"
EndProject
Project("{9A19103F-16F7-4668-BE54-9A1E7A4F7556}") = "OOP2", "OOP2\OOP2.csproj", "{8D027759-1707-4270-B75C-5B6B7A822949}"
EndProject
Project("{FAE04EC0-301F-11D3-BF4B-00C04F79EFBC}") = "OOP3", "OOP3\OOP3.csproj", "{E7528E3B-88DC-4B79-AD38-75855934A5B0}"
EndProject
Global
	GlobalSection(SolutionConfigurationPlatforms) = preSolution
		Debug|Any CPU = Debug|Any CPU
		Release|Any CPU = Release|Any CPU
	EndGlobalSection
	GlobalSection(ProjectConfigurationPlatforms) = postSolution
		{B81BB9A7-1F5D-4CCA-8E64-3351CDC1A942}.Debug|Any CPU.ActiveCfg = Debug|Any CPU
		{B81BB9A7-1F5D-4CCA-8E64-3351CDC1A942}.Debug|Any CPU.Build.0 = Debug|Any CPU
		{B81BB9A7-1F5D-4CCA-8E64-3351CDC1A942}.Release|Any CPU.ActiveCfg = Release|Any CPU
		{B81BB9A7-1F5D-4CCA-8E64-3351CDC1A942}.Release|Any CPU.Build.0 = Release|Any CPU
		{08D37FB3-E16F-44DF-AA95-4CF52C3F7675}.Debug|Any CPU.ActiveCfg = Debug|Any CPU
		{08D37FB3-E16F-44DF-AA95-4CF52C3F7675}.Debug|Any CPU.Build.0 = Debug|Any CPU
		{08D37FB3-E16F-44DF-AA95-4CF52C3F7675}.Release|Any CPU.ActiveCfg = Release|Any CPU
		{08D37FB3-E16F-44DF-AA95-4CF52C3F7675}.Release|Any CPU.Build.0 = Release|Any CPU
		{B3A42642-75AD-47EB-8861-D921B1505BC5}.Debug|Any CPU.ActiveCfg = Debug|Any CPU
		{B3A42642-75AD-47EB-8861-D921B1505BC5}.Debug|Any CPU.Build.0 = Debug|Any CPU
		{B3A42642-75AD-47EB-8861-D921B1505BC5}.Release|Any CPU.ActiveCfg = Release|Any CPU
		{B3A42642-75AD-47EB-8861-D921B1505BC5}.Release|Any CPU.Build.0 = Release|Any CPU
		{1F8AC126-131E-4011-A9DD-2A93DA704D16}.Debug|Any CPU.ActiveCfg = Debug|Any CPU
		{1F8AC126-131E-4011-A9DD-2A93DA704D16}.Debug|Any CPU.Build.0 = Debug|Any CPU
		{1F8AC126-131E-4011-A9DD-2A93DA704D16}.Release|Any CPU.ActiveCfg = Release|Any CPU
		{1F8AC126-131E-4011-A9DD-2A93DA704D16}.Release|Any CPU.Build.0 = Release|Any CPU
		{F21622FC-8BB4-4115-8A97-5B04E2831F37}.Debug|Any CPU.ActiveCfg = Debug|Any CPU
		{F21622FC-8BB4-4115-8A97-5B04E2831F37}.Debug|Any CPU.Build.0 = Debug|Any CPU
		{F21622FC-8BB4-4115-8A97-5B04E2831F37}.Release|Any CPU.ActiveCfg = Release|Any CPU
		{F21622FC-8BB4-4115-8A97-5B04E2831F37}.Release|Any CPU.Build.0 = Release|Any CPU
		{24ABBA34-A663-4E8C-BF6F-4447397C2F4E}.Debug|Any CPU.ActiveCfg = Debug|Any CPU
		{24ABBA34-A663-4E8C-BF6F-4447397C2F4E}.Debug|Any CPU.Build.0 = Debug|Any CPU
		{24ABBA34-A663-4E8C-BF6F-4447397C2F4E}.Release|Any CPU.ActiveCfg = Release|Any CPU
		{24ABBA34-A663-4E8C-BF6F-4447397C2F4E}.Release|Any CPU.Build.0 = Release|Any CPU
		{92064523-BB26-4FA5-8E97-29B59C236CBF}.Debug|Any CPU.ActiveCfg = Debug|Any CPU
		{92064523-BB26-4FA5-8E97-29B59C236CBF}.Debug|Any CPU.Build.0 = Debug|Any CPU
		{92064523-BB26-4FA5-8E97-29B59C236CBF}.Release|Any CPU.ActiveCfg = Release|Any CPU
		{92064523-BB26-4FA5-8E97-29B59C236CBF}.Release|Any CPU.Build.0 = Release|Any CPU
		{2F9CE7BC-D231-4ECD-A64F-D0A0AA84C1FB}.Debug|Any CPU.ActiveCfg = Debug|Any CPU
		{2F9CE7BC-D231-4ECD-A64F-D0A0AA84C1FB}.Debug|Any CPU.Build.0 = Debug|Any CPU
		{2F9CE7BC-D231-4ECD-A64F-D0A0AA84C1FB}.Release|Any CPU.ActiveCfg = Release|Any CPU
		{2F9CE7BC-D231-4ECD-A64F-D0A0AA84C1FB}.Release|Any CPU.Build.0 = Release|Any CPU
		{F06C7E9C-74B3-4642-A5CF-2794FDE0D1A7}.Debug|Any CPU.ActiveCfg = Debug|Any CPU
		{F06C7E9C-74B3-4642-A5CF-2794FDE0D1A7}.Debug|Any CPU.Build.0 = Debug|Any CPU
		{F06C7E9C-74B3-4642-A5CF-2794FDE0D1A7}.Release|Any CPU.ActiveCfg = Release|Any CPU
		{F06C7E9C-74B3-4642-A5CF-2794FDE0D1A7}.Release|Any CPU.Build.0 = Release|Any CPU
		{BC1A0C79-FEEF-4E03-9F03-A0AA1455D775}.Debug|Any CPU.ActiveCfg = Debug|Any CPU
		{BC1A0C79-FEEF-4E03-9F03-A0AA1455D775}.Debug|Any CPU.Build.0 = Debug|Any CPU
		{BC1A0C79-FEEF-4E03-9F03-A0AA1455D775}.Release|Any CPU.ActiveCfg = Release|Any CPU
		{BC1A0C79-FEEF-4E03-9F03-A0AA1455D775}.Release|Any CPU.Build.0 = Release|Any CPU
		{3052522D-0D20-4523-93BB-8576391251DD}.Debug|Any CPU.ActiveCfg = Debug|Any CPU
		{3052522D-0D20-4523-93BB-8576391251DD}.Debug|Any CPU.Build.0 = Debug|Any CPU
		{3052522D-0D20-4523-93BB-8576391251DD}.Release|Any CPU.ActiveCfg = Release|Any CPU
		{3052522D-0D20-4523-93BB-8576391251DD}.Release|Any CPU.Build.0 = Release|Any CPU
		{84B37651-43DF-4FA2-8201-4DDD978CCE61}.Debug|Any CPU.ActiveCfg = Debug|Any CPU
		{84B37651-43DF-4FA2-8201-4DDD978CCE61}.Debug|Any CPU.Build.0 = Debug|Any CPU
		{84B37651-43DF-4FA2-8201-4DDD978CCE61}.Release|Any CPU.ActiveCfg = Release|Any CPU
		{84B37651-43DF-4FA2-8201-4DDD978CCE61}.Release|Any CPU.Build.0 = Release|Any CPU
		{58E50EDC-1921-428D-AF4D-59C49DE9ECA3}.Debug|Any CPU.ActiveCfg = Debug|Any CPU
		{58E50EDC-1921-428D-AF4D-59C49DE9ECA3}.Debug|Any CPU.Build.0 = Debug|Any CPU
		{58E50EDC-1921-428D-AF4D-59C49DE9ECA3}.Release|Any CPU.ActiveCfg = Release|Any CPU
		{58E50EDC-1921-428D-AF4D-59C49DE9ECA3}.Release|Any CPU.Build.0 = Release|Any CPU
		{8D027759-1707-4270-B75C-5B6B7A822949}.Debug|Any CPU.ActiveCfg = Debug|Any CPU
		{8D027759-1707-4270-B75C-5B6B7A822949}.Debug|Any CPU.Build.0 = Debug|Any CPU
		{8D027759-1707-4270-B75C-5B6B7A822949}.Release|Any CPU.ActiveCfg = Release|Any CPU
		{8D027759-1707-4270-B75C-5B6B7A822949}.Release|Any CPU.Build.0 = Release|Any CPU
		{E7528E3B-88DC-4B79-AD38-75855934A5B0}.Debug|Any CPU.ActiveCfg = Debug|Any CPU
		{E7528E3B-88DC-4B79-AD38-75855934A5B0}.Debug|Any CPU.Build.0 = Debug|Any CPU
		{E7528E3B-88DC-4B79-AD38-75855934A5B0}.Release|Any CPU.ActiveCfg = Release|Any CPU
		{E7528E3B-88DC-4B79-AD38-75855934A5B0}.Release|Any CPU.Build.0 = Release|Any CPU
	EndGlobalSection
	GlobalSection(SolutionProperties) = preSolution
		HideSolutionNode = FALSE
	EndGlobalSection
	GlobalSection(ExtensibilityGlobals) = postSolution
		SolutionGuid = {32F4663B-EABE-4D84-877B-E6719E38B57D}
	EndGlobalSection
EndGlobal
